// !$*UTF8*$!
{
	archiveVersion = 1;
	classes = {
	};
	objectVersion = 46;
	objects = {

/* Begin PBXBuildFile section */
		499805A31C17BCC600914CD4 /* main.m in Sources */ = {isa = PBXBuildFile; fileRef = 499805A21C17BCC600914CD4 /* main.m */; };
		499805A61C17BCC600914CD4 /* AppDelegate.m in Sources */ = {isa = PBXBuildFile; fileRef = 499805A51C17BCC600914CD4 /* AppDelegate.m */; };
		499805A91C17BCC600914CD4 /* ViewController.m in Sources */ = {isa = PBXBuildFile; fileRef = 499805A81C17BCC600914CD4 /* ViewController.m */; };
		499805AE1C17BCC600914CD4 /* Assets.xcassets in Resources */ = {isa = PBXBuildFile; fileRef = 499805AD1C17BCC600914CD4 /* Assets.xcassets */; };
		499805B11C17BCC600914CD4 /* LaunchScreen.storyboard in Resources */ = {isa = PBXBuildFile; fileRef = 499805AF1C17BCC600914CD4 /* LaunchScreen.storyboard */; };
		499805BC1C17BCC600914CD4 /* sampleDonpushSDKTests.m in Sources */ = {isa = PBXBuildFile; fileRef = 499805BB1C17BCC600914CD4 /* sampleDonpushSDKTests.m */; };
		499805C71C17BCC600914CD4 /* sampleDonpushSDKUITests.m in Sources */ = {isa = PBXBuildFile; fileRef = 499805C61C17BCC600914CD4 /* sampleDonpushSDKUITests.m */; };
		49AE0DF51C1FBC7B00E2A166 /* donpushSDK.framework in Frameworks */ = {isa = PBXBuildFile; fileRef = 49AE0DF41C1FBC7B00E2A166 /* donpushSDK.framework */; };
/* End PBXBuildFile section */

/* Begin PBXContainerItemProxy section */
		499805B81C17BCC600914CD4 /* PBXContainerItemProxy */ = {
			isa = PBXContainerItemProxy;
			containerPortal = 499805961C17BCC600914CD4 /* Project object */;
			proxyType = 1;
			remoteGlobalIDString = 4998059D1C17BCC600914CD4;
			remoteInfo = sampleDonpushSDK;
		};
		499805C31C17BCC600914CD4 /* PBXContainerItemProxy */ = {
			isa = PBXContainerItemProxy;
			containerPortal = 499805961C17BCC600914CD4 /* Project object */;
			proxyType = 1;
			remoteGlobalIDString = 4998059D1C17BCC600914CD4;
			remoteInfo = sampleDonpushSDK;
		};
/* End PBXContainerItemProxy section */

/* Begin PBXFileReference section */
		4998059E1C17BCC600914CD4 /* sampleDonpushSDK.app */ = {isa = PBXFileReference; explicitFileType = wrapper.application; includeInIndex = 0; path = sampleDonpushSDK.app; sourceTree = BUILT_PRODUCTS_DIR; };
		499805A21C17BCC600914CD4 /* main.m */ = {isa = PBXFileReference; lastKnownFileType = sourcecode.c.objc; path = main.m; sourceTree = "<group>"; };
		499805A41C17BCC600914CD4 /* AppDelegate.h */ = {isa = PBXFileReference; lastKnownFileType = sourcecode.c.h; path = AppDelegate.h; sourceTree = "<group>"; };
		499805A51C17BCC600914CD4 /* AppDelegate.m */ = {isa = PBXFileReference; lastKnownFileType = sourcecode.c.objc; path = AppDelegate.m; sourceTree = "<group>"; };
		499805A71C17BCC600914CD4 /* ViewController.h */ = {isa = PBXFileReference; lastKnownFileType = sourcecode.c.h; path = ViewController.h; sourceTree = "<group>"; };
		499805A81C17BCC600914CD4 /* ViewController.m */ = {isa = PBXFileReference; lastKnownFileType = sourcecode.c.objc; path = ViewController.m; sourceTree = "<group>"; };
		499805AD1C17BCC600914CD4 /* Assets.xcassets */ = {isa = PBXFileReference; lastKnownFileType = folder.assetcatalog; path = Assets.xcassets; sourceTree = "<group>"; };
		499805B01C17BCC600914CD4 /* Base */ = {isa = PBXFileReference; lastKnownFileType = file.storyboard; name = Base; path = Base.lproj/LaunchScreen.storyboard; sourceTree = "<group>"; };
		499805B21C17BCC600914CD4 /* Info.plist */ = {isa = PBXFileReference; lastKnownFileType = text.plist.xml; path = Info.plist; sourceTree = "<group>"; };
		499805B71C17BCC600914CD4 /* sampleDonpushSDKTests.xctest */ = {isa = PBXFileReference; explicitFileType = wrapper.cfbundle; includeInIndex = 0; path = sampleDonpushSDKTests.xctest; sourceTree = BUILT_PRODUCTS_DIR; };
		499805BB1C17BCC600914CD4 /* sampleDonpushSDKTests.m */ = {isa = PBXFileReference; lastKnownFileType = sourcecode.c.objc; path = sampleDonpushSDKTests.m; sourceTree = "<group>"; };
		499805BD1C17BCC600914CD4 /* Info.plist */ = {isa = PBXFileReference; lastKnownFileType = text.plist.xml; path = Info.plist; sourceTree = "<group>"; };
		499805C21C17BCC600914CD4 /* sampleDonpushSDKUITests.xctest */ = {isa = PBXFileReference; explicitFileType = wrapper.cfbundle; includeInIndex = 0; path = sampleDonpushSDKUITests.xctest; sourceTree = BUILT_PRODUCTS_DIR; };
		499805C61C17BCC600914CD4 /* sampleDonpushSDKUITests.m */ = {isa = PBXFileReference; lastKnownFileType = sourcecode.c.objc; path = sampleDonpushSDKUITests.m; sourceTree = "<group>"; };
		499805C81C17BCC600914CD4 /* Info.plist */ = {isa = PBXFileReference; lastKnownFileType = text.plist.xml; path = Info.plist; sourceTree = "<group>"; };
		49AE0DF41C1FBC7B00E2A166 /* donpushSDK.framework */ = {isa = PBXFileReference; lastKnownFileType = wrapper.framework; path = donpushSDK.framework; sourceTree = "<group>"; };
/* End PBXFileReference section */

/* Begin PBXFrameworksBuildPhase section */
		4998059B1C17BCC600914CD4 /* Frameworks */ = {
			isa = PBXFrameworksBuildPhase;
			buildActionMask = 2147483647;
			files = (
				49AE0DF51C1FBC7B00E2A166 /* donpushSDK.framework in Frameworks */,
			);
			runOnlyForDeploymentPostprocessing = 0;
		};
		499805B41C17BCC600914CD4 /* Frameworks */ = {
			isa = PBXFrameworksBuildPhase;
			buildActionMask = 2147483647;
			files = (
			);
			runOnlyForDeploymentPostprocessing = 0;
		};
		499805BF1C17BCC600914CD4 /* Frameworks */ = {
			isa = PBXFrameworksBuildPhase;
			buildActionMask = 2147483647;
			files = (
			);
			runOnlyForDeploymentPostprocessing = 0;
		};
/* End PBXFrameworksBuildPhase section */

/* Begin PBXGroup section */
		499805951C17BCC600914CD4 = {
			isa = PBXGroup;
			children = (
				499805A01C17BCC600914CD4 /* sampleDonpushSDK */,
				499805BA1C17BCC600914CD4 /* sampleDonpushSDKTests */,
				499805C51C17BCC600914CD4 /* sampleDonpushSDKUITests */,
				4998059F1C17BCC600914CD4 /* Products */,
			);
			sourceTree = "<group>";
		};
		4998059F1C17BCC600914CD4 /* Products */ = {
			isa = PBXGroup;
			children = (
				4998059E1C17BCC600914CD4 /* sampleDonpushSDK.app */,
				499805B71C17BCC600914CD4 /* sampleDonpushSDKTests.xctest */,
				499805C21C17BCC600914CD4 /* sampleDonpushSDKUITests.xctest */,
			);
			name = Products;
			sourceTree = "<group>";
		};
		499805A01C17BCC600914CD4 /* sampleDonpushSDK */ = {
			isa = PBXGroup;
			children = (
				49AE0DF41C1FBC7B00E2A166 /* donpushSDK.framework */,
				499805A41C17BCC600914CD4 /* AppDelegate.h */,
				499805A51C17BCC600914CD4 /* AppDelegate.m */,
				499805A71C17BCC600914CD4 /* ViewController.h */,
				499805A81C17BCC600914CD4 /* ViewController.m */,
				499805AD1C17BCC600914CD4 /* Assets.xcassets */,
				499805AF1C17BCC600914CD4 /* LaunchScreen.storyboard */,
				499805B21C17BCC600914CD4 /* Info.plist */,
				499805A11C17BCC600914CD4 /* Supporting Files */,
			);
			path = sampleDonpushSDK;
			sourceTree = "<group>";
		};
		499805A11C17BCC600914CD4 /* Supporting Files */ = {
			isa = PBXGroup;
			children = (
				499805A21C17BCC600914CD4 /* main.m */,
			);
			name = "Supporting Files";
			sourceTree = "<group>";
		};
		499805BA1C17BCC600914CD4 /* sampleDonpushSDKTests */ = {
			isa = PBXGroup;
			children = (
				499805BB1C17BCC600914CD4 /* sampleDonpushSDKTests.m */,
				499805BD1C17BCC600914CD4 /* Info.plist */,
			);
			path = sampleDonpushSDKTests;
			sourceTree = "<group>";
		};
		499805C51C17BCC600914CD4 /* sampleDonpushSDKUITests */ = {
			isa = PBXGroup;
			children = (
				499805C61C17BCC600914CD4 /* sampleDonpushSDKUITests.m */,
				499805C81C17BCC600914CD4 /* Info.plist */,
			);
			path = sampleDonpushSDKUITests;
			sourceTree = "<group>";
		};
/* End PBXGroup section */

/* Begin PBXNativeTarget section */
		4998059D1C17BCC600914CD4 /* sampleDonpushSDK */ = {
			isa = PBXNativeTarget;
			buildConfigurationList = 499805CB1C17BCC600914CD4 /* Build configuration list for PBXNativeTarget "sampleDonpushSDK" */;
			buildPhases = (
				4998059A1C17BCC600914CD4 /* Sources */,
				4998059B1C17BCC600914CD4 /* Frameworks */,
				4998059C1C17BCC600914CD4 /* Resources */,
			);
			buildRules = (
			);
			dependencies = (
			);
			name = sampleDonpushSDK;
			productName = sampleDonpushSDK;
			productReference = 4998059E1C17BCC600914CD4 /* sampleDonpushSDK.app */;
			productType = "com.apple.product-type.application";
		};
		499805B61C17BCC600914CD4 /* sampleDonpushSDKTests */ = {
			isa = PBXNativeTarget;
			buildConfigurationList = 499805CE1C17BCC600914CD4 /* Build configuration list for PBXNativeTarget "sampleDonpushSDKTests" */;
			buildPhases = (
				499805B31C17BCC600914CD4 /* Sources */,
				499805B41C17BCC600914CD4 /* Frameworks */,
				499805B51C17BCC600914CD4 /* Resources */,
			);
			buildRules = (
			);
			dependencies = (
				499805B91C17BCC600914CD4 /* PBXTargetDependency */,
			);
			name = sampleDonpushSDKTests;
			productName = sampleDonpushSDKTests;
			productReference = 499805B71C17BCC600914CD4 /* sampleDonpushSDKTests.xctest */;
			productType = "com.apple.product-type.bundle.unit-test";
		};
		499805C11C17BCC600914CD4 /* sampleDonpushSDKUITests */ = {
			isa = PBXNativeTarget;
			buildConfigurationList = 499805D11C17BCC600914CD4 /* Build configuration list for PBXNativeTarget "sampleDonpushSDKUITests" */;
			buildPhases = (
				499805BE1C17BCC600914CD4 /* Sources */,
				499805BF1C17BCC600914CD4 /* Frameworks */,
				499805C01C17BCC600914CD4 /* Resources */,
			);
			buildRules = (
			);
			dependencies = (
				499805C41C17BCC600914CD4 /* PBXTargetDependency */,
			);
			name = sampleDonpushSDKUITests;
			productName = sampleDonpushSDKUITests;
			productReference = 499805C21C17BCC600914CD4 /* sampleDonpushSDKUITests.xctest */;
			productType = "com.apple.product-type.bundle.ui-testing";
		};
/* End PBXNativeTarget section */

/* Begin PBXProject section */
		499805961C17BCC600914CD4 /* Project object */ = {
			isa = PBXProject;
			attributes = {
				LastUpgradeCheck = 0710;
				ORGANIZATIONNAME = sungyong;
				TargetAttributes = {
					4998059D1C17BCC600914CD4 = {
						CreatedOnToolsVersion = 7.1.1;
					};
					499805B61C17BCC600914CD4 = {
						CreatedOnToolsVersion = 7.1.1;
						TestTargetID = 4998059D1C17BCC600914CD4;
					};
					499805C11C17BCC600914CD4 = {
						CreatedOnToolsVersion = 7.1.1;
						TestTargetID = 4998059D1C17BCC600914CD4;
					};
				};
			};
			buildConfigurationList = 499805991C17BCC600914CD4 /* Build configuration list for PBXProject "sampleDonpushSDK" */;
			compatibilityVersion = "Xcode 3.2";
			developmentRegion = English;
			hasScannedForEncodings = 0;
			knownRegions = (
				en,
				Base,
			);
			mainGroup = 499805951C17BCC600914CD4;
			productRefGroup = 4998059F1C17BCC600914CD4 /* Products */;
			projectDirPath = "";
			projectRoot = "";
			targets = (
				4998059D1C17BCC600914CD4 /* sampleDonpushSDK */,
				499805B61C17BCC600914CD4 /* sampleDonpushSDKTests */,
				499805C11C17BCC600914CD4 /* sampleDonpushSDKUITests */,
			);
		};
/* End PBXProject section */

/* Begin PBXResourcesBuildPhase section */
		4998059C1C17BCC600914CD4 /* Resources */ = {
			isa = PBXResourcesBuildPhase;
			buildActionMask = 2147483647;
			files = (
				499805B11C17BCC600914CD4 /* LaunchScreen.storyboard in Resources */,
				499805AE1C17BCC600914CD4 /* Assets.xcassets in Resources */,
			);
			runOnlyForDeploymentPostprocessing = 0;
		};
		499805B51C17BCC600914CD4 /* Resources */ = {
			isa = PBXResourcesBuildPhase;
			buildActionMask = 2147483647;
			files = (
			);
			runOnlyForDeploymentPostprocessing = 0;
		};
		499805C01C17BCC600914CD4 /* Resources */ = {
			isa = PBXResourcesBuildPhase;
			buildActionMask = 2147483647;
			files = (
			);
			runOnlyForDeploymentPostprocessing = 0;
		};
/* End PBXResourcesBuildPhase section */

/* Begin PBXSourcesBuildPhase section */
		4998059A1C17BCC600914CD4 /* Sources */ = {
			isa = PBXSourcesBuildPhase;
			buildActionMask = 2147483647;
			files = (
				499805A91C17BCC600914CD4 /* ViewController.m in Sources */,
				499805A61C17BCC600914CD4 /* AppDelegate.m in Sources */,
				499805A31C17BCC600914CD4 /* main.m in Sources */,
			);
			runOnlyForDeploymentPostprocessing = 0;
		};
		499805B31C17BCC600914CD4 /* Sources */ = {
			isa = PBXSourcesBuildPhase;
			buildActionMask = 2147483647;
			files = (
				499805BC1C17BCC600914CD4 /* sampleDonpushSDKTests.m in Sources */,
			);
			runOnlyForDeploymentPostprocessing = 0;
		};
		499805BE1C17BCC600914CD4 /* Sources */ = {
			isa = PBXSourcesBuildPhase;
			buildActionMask = 2147483647;
			files = (
				499805C71C17BCC600914CD4 /* sampleDonpushSDKUITests.m in Sources */,
			);
			runOnlyForDeploymentPostprocessing = 0;
		};
/* End PBXSourcesBuildPhase section */

/* Begin PBXTargetDependency section */
		499805B91C17BCC600914CD4 /* PBXTargetDependency */ = {
			isa = PBXTargetDependency;
			target = 4998059D1C17BCC600914CD4 /* sampleDonpushSDK */;
			targetProxy = 499805B81C17BCC600914CD4 /* PBXContainerItemProxy */;
		};
		499805C41C17BCC600914CD4 /* PBXTargetDependency */ = {
			isa = PBXTargetDependency;
			target = 4998059D1C17BCC600914CD4 /* sampleDonpushSDK */;
			targetProxy = 499805C31C17BCC600914CD4 /* PBXContainerItemProxy */;
		};
/* End PBXTargetDependency section */

/* Begin PBXVariantGroup section */
		499805AF1C17BCC600914CD4 /* LaunchScreen.storyboard */ = {
			isa = PBXVariantGroup;
			children = (
				499805B01C17BCC600914CD4 /* Base */,
			);
			name = LaunchScreen.storyboard;
			sourceTree = "<group>";
		};
/* End PBXVariantGroup section */

/* Begin XCBuildConfiguration section */
		499805C91C17BCC600914CD4 /* Debug */ = {
			isa = XCBuildConfiguration;
			buildSettings = {
				ALWAYS_SEARCH_USER_PATHS = NO;
				CLANG_CXX_LANGUAGE_STANDARD = "gnu++0x";
				CLANG_CXX_LIBRARY = "libc++";
				CLANG_ENABLE_MODULES = YES;
				CLANG_ENABLE_OBJC_ARC = YES;
				CLANG_WARN_BOOL_CONVERSION = YES;
				CLANG_WARN_CONSTANT_CONVERSION = YES;
				CLANG_WARN_DIRECT_OBJC_ISA_USAGE = YES_ERROR;
				CLANG_WARN_EMPTY_BODY = YES;
				CLANG_WARN_ENUM_CONVERSION = YES;
				CLANG_WARN_INT_CONVERSION = YES;
				CLANG_WARN_OBJC_ROOT_CLASS = YES_ERROR;
				CLANG_WARN_UNREACHABLE_CODE = YES;
				CLANG_WARN__DUPLICATE_METHOD_MATCH = YES;
				"CODE_SIGN_IDENTITY[sdk=iphoneos*]" = "iPhone Developer";
				COPY_PHASE_STRIP = NO;
				DEBUG_INFORMATION_FORMAT = dwarf;
				ENABLE_STRICT_OBJC_MSGSEND = YES;
				ENABLE_TESTABILITY = YES;
				GCC_C_LANGUAGE_STANDARD = gnu99;
				GCC_DYNAMIC_NO_PIC = NO;
				GCC_NO_COMMON_BLOCKS = YES;
				GCC_OPTIMIZATION_LEVEL = 0;
				GCC_PREPROCESSOR_DEFINITIONS = (
					"DEBUG=1",
					"$(inherited)",
				);
				GCC_WARN_64_TO_32_BIT_CONVERSION = YES;
				GCC_WARN_ABOUT_RETURN_TYPE = YES_ERROR;
				GCC_WARN_UNDECLARED_SELECTOR = YES;
				GCC_WARN_UNINITIALIZED_AUTOS = YES_AGGRESSIVE;
				GCC_WARN_UNUSED_FUNCTION = YES;
				GCC_WARN_UNUSED_VARIABLE = YES;
				IPHONEOS_DEPLOYMENT_TARGET = 9.1;
				MTL_ENABLE_DEBUG_INFO = YES;
				ONLY_ACTIVE_ARCH = YES;
				SDKROOT = iphoneos;
			};
			name = Debug;
		};
		499805CA1C17BCC600914CD4 /* Release */ = {
			isa = XCBuildConfiguration;
			buildSettings = {
				ALWAYS_SEARCH_USER_PATHS = NO;
				CLANG_CXX_LANGUAGE_STANDARD = "gnu++0x";
				CLANG_CXX_LIBRARY = "libc++";
				CLANG_ENABLE_MODULES = YES;
				CLANG_ENABLE_OBJC_ARC = YES;
				CLANG_WARN_BOOL_CONVERSION = YES;
				CLANG_WARN_CONSTANT_CONVERSION = YES;
				CLANG_WARN_DIRECT_OBJC_ISA_USAGE = YES_ERROR;
				CLANG_WARN_EMPTY_BODY = YES;
				CLANG_WARN_ENUM_CONVERSION = YES;
				CLANG_WARN_INT_CONVERSION = YES;
				CLANG_WARN_OBJC_ROOT_CLASS = YES_ERROR;
				CLANG_WARN_UNREACHABLE_CODE = YES;
				CLANG_WARN__DUPLICATE_METHOD_MATCH = YES;
				"CODE_SIGN_IDENTITY[sdk=iphoneos*]" = "iPhone Developer";
				COPY_PHASE_STRIP = NO;
				DEBUG_INFORMATION_FORMAT = "dwarf-with-dsym";
				ENABLE_NS_ASSERTIONS = NO;
				ENABLE_STRICT_OBJC_MSGSEND = YES;
				GCC_C_LANGUAGE_STANDARD = gnu99;
				GCC_NO_COMMON_BLOCKS = YES;
				GCC_WARN_64_TO_32_BIT_CONVERSION = YES;
				GCC_WARN_ABOUT_RETURN_TYPE = YES_ERROR;
				GCC_WARN_UNDECLARED_SELECTOR = YES;
				GCC_WARN_UNINITIALIZED_AUTOS = YES_AGGRESSIVE;
				GCC_WARN_UNUSED_FUNCTION = YES;
				GCC_WARN_UNUSED_VARIABLE = YES;
				IPHONEOS_DEPLOYMENT_TARGET = 9.1;
				MTL_ENABLE_DEBUG_INFO = NO;
				SDKROOT = iphoneos;
				VALIDATE_PRODUCT = YES;
			};
			name = Release;
		};
		499805CC1C17BCC600914CD4 /* Debug */ = {
			isa = XCBuildConfiguration;
			buildSettings = {
				ASSETCATALOG_COMPILER_APPICON_NAME = AppIcon;
				FRAMEWORK_SEARCH_PATHS = (
					"$(inherited)",
					"$(PROJECT_DIR)/sampleDonpushSDK",
					"$(PROJECT_DIR)/sampleDonpushSDK/d",
				);
				INFOPLIST_FILE = sampleDonpushSDK/Info.plist;
				LD_RUNPATH_SEARCH_PATHS = "$(inherited) @executable_path/Frameworks";
				LIBRARY_SEARCH_PATHS = (
					"$(inherited)",
					"$(PROJECT_DIR)/sampleDonpushSDK",
					"$(PROJECT_DIR)/sampleDonpushSDK/d",
				);
				OTHER_LDFLAGS = "-ObjC";
				PRODUCT_BUNDLE_IDENTIFIER = com.miniram.sampleDonpushSDK;
				PRODUCT_NAME = "$(TARGET_NAME)";
			};
			name = Debug;
		};
		499805CD1C17BCC600914CD4 /* Release */ = {
			isa = XCBuildConfiguration;
			buildSettings = {
				ASSETCATALOG_COMPILER_APPICON_NAME = AppIcon;
				FRAMEWORK_SEARCH_PATHS = (
					"$(inherited)",
					"$(PROJECT_DIR)/sampleDonpushSDK",
					"$(PROJECT_DIR)/sampleDonpushSDK/d",
				);
				INFOPLIST_FILE = sampleDonpushSDK/Info.plist;
				LD_RUNPATH_SEARCH_PATHS = "$(inherited) @executable_path/Frameworks";
				LIBRARY_SEARCH_PATHS = (
					"$(inherited)",
					"$(PROJECT_DIR)/sampleDonpushSDK",
					"$(PROJECT_DIR)/sampleDonpushSDK/d",
				);
				OTHER_LDFLAGS = "-ObjC";
				PRODUCT_BUNDLE_IDENTIFIER = com.miniram.sampleDonpushSDK;
				PRODUCT_NAME = "$(TARGET_NAME)";
			};
			name = Release;
		};
		499805CF1C17BCC600914CD4 /* Debug */ = {
			isa = XCBuildConfiguration;
			buildSettings = {
				BUNDLE_LOADER = "$(TEST_HOST)";
				INFOPLIST_FILE = sampleDonpushSDKTests/Info.plist;
				LD_RUNPATH_SEARCH_PATHS = "$(inherited) @executable_path/Frameworks @loader_path/Frameworks";
				PRODUCT_BUNDLE_IDENTIFIER = com.miniram.sampleDonpushSDKTests;
				PRODUCT_NAME = "$(TARGET_NAME)";
				TEST_HOST = "$(BUILT_PRODUCTS_DIR)/sampleDonpushSDK.app/sampleDonpushSDK";
			};
			name = Debug;
		};
		499805D01C17BCC600914CD4 /* Release */ = {
			isa = XCBuildConfiguration;
			buildSettings = {
				BUNDLE_LOADER = "$(TEST_HOST)";
				INFOPLIST_FILE = sampleDonpushSDKTests/Info.plist;
				LD_RUNPATH_SEARCH_PATHS = "$(inherited) @executable_path/Frameworks @loader_path/Frameworks";
				PRODUCT_BUNDLE_IDENTIFIER = com.miniram.sampleDonpushSDKTests;
				PRODUCT_NAME = "$(TARGET_NAME)";
				TEST_HOST = "$(BUILT_PRODUCTS_DIR)/sampleDonpushSDK.app/sampleDonpushSDK";
			};
			name = Release;
		};
		499805D21C17BCC600914CD4 /* Debug */ = {
			isa = XCBuildConfiguration;
			buildSettings = {
				INFOPLIST_FILE = sampleDonpushSDKUITests/Info.plist;
				LD_RUNPATH_SEARCH_PATHS = "$(inherited) @executable_path/Frameworks @loader_path/Frameworks";
				PRODUCT_BUNDLE_IDENTIFIER = com.miniram.sampleDonpushSDKUITests;
				PRODUCT_NAME = "$(TARGET_NAME)";
				TEST_TARGET_NAME = sampleDonpushSDK;
				USES_XCTRUNNER = YES;
			};
			name = Debug;
		};
		499805D31C17BCC600914CD4 /* Release */ = {
			isa = XCBuildConfiguration;
			buildSettings = {
				INFOPLIST_FILE = sampleDonpushSDKUITests/Info.plist;
				LD_RUNPATH_SEARCH_PATHS = "$(inherited) @executable_path/Frameworks @loader_path/Frameworks";
				PRODUCT_BUNDLE_IDENTIFIER = com.miniram.sampleDonpushSDKUITests;
				PRODUCT_NAME = "$(TARGET_NAME)";
				TEST_TARGET_NAME = sampleDonpushSDK;
				USES_XCTRUNNER = YES;
			};
			name = Release;
		};
/* End XCBuildConfiguration section */

/* Begin XCConfigurationList section */
		499805991C17BCC600914CD4 /* Build configuration list for PBXProject "sampleDonpushSDK" */ = {
			isa = XCConfigurationList;
			buildConfigurations = (
				499805C91C17BCC600914CD4 /* Debug */,
				499805CA1C17BCC600914CD4 /* Release */,
			);
			defaultConfigurationIsVisible = 0;
			defaultConfigurationName = Release;
		};
		499805CB1C17BCC600914CD4 /* Build configuration list for PBXNativeTarget "sampleDonpushSDK" */ = {
			isa = XCConfigurationList;
			buildConfigurations = (
				499805CC1C17BCC600914CD4 /* Debug */,
				499805CD1C17BCC600914CD4 /* Release */,
			);
			defaultConfigurationIsVisible = 0;
			defaultConfigurationName = Release;
		};
		499805CE1C17BCC600914CD4 /* Build configuration list for PBXNativeTarget "sampleDonpushSDKTests" */ = {
			isa = XCConfigurationList;
			buildConfigurations = (
				499805CF1C17BCC600914CD4 /* Debug */,
				499805D01C17BCC600914CD4 /* Release */,
			);
			defaultConfigurationIsVisible = 0;
			defaultConfigurationName = Release;
		};
		499805D11C17BCC600914CD4 /* Build configuration list for PBXNativeTarget "sampleDonpushSDKUITests" */ = {
			isa = XCConfigurationList;
			buildConfigurations = (
				499805D21C17BCC600914CD4 /* Debug */,
				499805D31C17BCC600914CD4 /* Release */,
			);
			defaultConfigurationIsVisible = 0;
			defaultConfigurationName = Release;
		};
/* End XCConfigurationList section */
	};
	rootObject = 499805961C17BCC600914CD4 /* Project object */;
}
